# Code generated by scarb DO NOT EDIT.
version = 1

[[package]]
name = "alexandria_merkle_tree"
version = "0.1.0"
source = "git+https://github.com/keep-starknet-strange/alexandria.git#800f5ad217847b5ded63c0302a444161766ee9d6"

[[package]]
name = "distributor"
version = "0.1.0"
dependencies = [
 "alexandria_merkle_tree",
 "openzeppelin",
]

[[package]]
name = "openzeppelin"
version = "0.8.1"
source = "git+https://github.com/OpenZeppelin/cairo-contracts.git?tag=v0.9.0#426cacf34aada771d3dad7b0240e9099a634cd57"
